
Microsoft Visual Studio Solution File, Format Version 12.00
# Visual Studio Version 16
VisualStudioVersion = 16.0.29411.108
MinimumVisualStudioVersion = 10.0.40219.1
Project("{FAE04EC0-301F-11D3-BF4B-00C04F79EFBC}") = "AutoUpdaterCs", "AutoUpdaterCs.csproj", "{EFFCC8EA-2420-4EAE-AD6C-2508BD5B797C}"
EndProject
Global
	GlobalSection(SolutionConfigurationPlatforms) = preSolution
		Debug|Any CPU = Debug|Any CPU
		Debug|x64 = Debug|x64
		Release|Any CPU = Release|Any CPU
		Release|x64 = Release|x64
	EndGlobalSection
	GlobalSection(ProjectConfigurationPlatforms) = postSolution
		{EFFCC8EA-2420-4EAE-AD6C-2508BD5B797C}.Debug|Any CPU.ActiveCfg = Debug|Any CPU
		{EFFCC8EA-2420-4EAE-AD6C-2508BD5B797C}.Debug|Any CPU.Build.0 = Debug|Any CPU
		{EFFCC8EA-2420-4EAE-AD6C-2508BD5B797C}.Debug|x64.ActiveCfg = Debug|x64
		{EFFCC8EA-2420-4EAE-AD6C-2508BD5B797C}.Debug|x64.Build.0 = Debug|x64
		{EFFCC8EA-2420-4EAE-AD6C-2508BD5B797C}.Release|Any CPU.ActiveCfg = Release|Any CPU
		{EFFCC8EA-2420-4EAE-AD6C-2508BD5B797C}.Release|Any CPU.Build.0 = Release|Any CPU
		{EFFCC8EA-2420-4EAE-AD6C-2508BD5B797C}.Release|x64.ActiveCfg = Release|x64
		{EFFCC8EA-2420-4EAE-AD6C-2508BD5B797C}.Release|x64.Build.0 = Release|x64
	EndGlobalSection
	GlobalSection(SolutionProperties) = preSolution
		HideSolutionNode = FALSE
	EndGlobalSection
	GlobalSection(ExtensibilityGlobals) = postSolution
		SolutionGuid = {4D113577-9AEC-45AF-B434-5746EF87A4D4}
	EndGlobalSection
EndGlobal
